# This file is automatically @generated by Poetry 1.6.1 and should not be changed by hand.

[[package]]
name = "vapoursynth"
version = "64"
description = "A frameserver for the 21st century"
optional = false
python-versions = "*"
files = [
    {file = "VapourSynth-64-cp311-cp311-win_amd64.whl", hash = "sha256:ad046a704537276f7ebb4132e1210e8922ec4b2403a4b44f5fe30fd9456a6412"},
    {file = "VapourSynth-64-cp38-cp38-win_amd64.whl", hash = "sha256:794f93bcaa1ce79510c11962f677a7d18685a0c29aa36586cb307d1eb9d7f2e0"},
    {file = "VapourSynth-64.zip", hash = "sha256:29425a135ca68cbb17b3dfcad0097375b75f94af1f499ba89bcd2b03b2651846"},
]

[metadata]
lock-version = "2.0"
python-versions = "^3.10"
content-hash = "4c9afd4b39405093743081bb2535c7b8d1ea636c5055b0fb23178290a82ba74a"
