# This file is automatically @generated by Poetry 1.4.2 and should not be changed by hand.

[[package]]
name = "vapoursynth"
version = "62"
description = "A frameserver for the 21st century"
category = "main"
optional = false
python-versions = "*"
files = [
    {file = "VapourSynth-62-cp311-cp311-win32.whl", hash = "sha256:b65f65825d1fb52aaf1e39ef9be4a29bff4c042cb78eb796e624bf712c69f9be"},
    {file = "VapourSynth-62-cp311-cp311-win_amd64.whl", hash = "sha256:e9fa4c934a9fd26e6604d4f0c1a3e0ae57ff899a6533d633bdbd66c3d4f0bae3"},
    {file = "VapourSynth-62-cp38-cp38-win32.whl", hash = "sha256:6f0cb1a1d4f108764c807b75ab11545103a75f478b2b627d75dfe75f67175fac"},
    {file = "VapourSynth-62-cp38-cp38-win_amd64.whl", hash = "sha256:767b7ab60ad092bfb1cc18ada3269af088c79641c2d07292e2299da4e00483f6"},
    {file = "VapourSynth-62.zip", hash = "sha256:d2b15b75f941041ea345e6018ef14ce63c62ffae3638022cf5eaa20b5c1a8ff4"},
]

[metadata]
lock-version = "2.0"
python-versions = "^3.10"
content-hash = "96507499453516fd41668d6b456ea8a4454cac11d9a8a39955acd1f90ce7b76c"
