# This file is automatically @generated by Poetry 1.8.3 and should not be changed by hand.

[[package]]
name = "vapoursynth"
version = "70"
description = "A frameserver for the 21st century"
optional = false
python-versions = "*"
files = [
    {file = "VapourSynth-70-cp312-cp312-win_amd64.whl", hash = "sha256:c143ed081f4c11bd8c09e058d1a9f84d4892d73330f66f58b20b30236607682c"},
    {file = "VapourSynth-70-cp38-cp38-win_amd64.whl", hash = "sha256:7352f0f258c7703678cb6570a14f67463a2eb3a43f879d4890d27fc194864f54"},
    {file = "vapoursynth-70.zip", hash = "sha256:d08a7e8b706b9aa7cdb559f86ba09da56bb46a90dffb2d3de71e100aba5b7d67"},
]

[metadata]
lock-version = "2.0"
python-versions = "^3.10"
content-hash = "1aea1a9a8b9183d99f20363c1dc55bcfa5264991fdd06bef9e97fa803cf86bef"
